
Microsoft Visual Studio Solution File, Format Version 12.00
# Visual Studio Version 17
VisualStudioVersion = 17.13.35931.197 d17.13
MinimumVisualStudioVersion = 10.0.40219.1
Project("{FAE04EC0-301F-11D3-BF4B-00C04F79EFBC}") = "Sprint3WinForms", "Sprint3WinForms.csproj", "{FB7618DA-5380-DA5A-6F12-808DF3073962}"
EndProject
Global
	GlobalSection(SolutionConfigurationPlatforms) = preSolution
		Debug|Any CPU = Debug|Any CPU
		Release|Any CPU = Release|Any CPU
	EndGlobalSection
	GlobalSection(ProjectConfigurationPlatforms) = postSolution
		{FB7618DA-5380-DA5A-6F12-808DF3073962}.Debug|Any CPU.ActiveCfg = Debug|Any CPU
		{FB7618DA-5380-DA5A-6F12-808DF3073962}.Debug|Any CPU.Build.0 = Debug|Any CPU
		{FB7618DA-5380-DA5A-6F12-808DF3073962}.Release|Any CPU.ActiveCfg = Release|Any CPU
		{FB7618DA-5380-DA5A-6F12-808DF3073962}.Release|Any CPU.Build.0 = Release|Any CPU
	EndGlobalSection
	GlobalSection(SolutionProperties) = preSolution
		HideSolutionNode = FALSE
	EndGlobalSection
	GlobalSection(ExtensibilityGlobals) = postSolution
		SolutionGuid = {7634F8C3-E998-4F28-84F0-BAF88EB3B8C5}
	EndGlobalSection
EndGlobal
